
Microsoft Visual Studio Solution File, Format Version 12.00
# Visual Studio Version 17
VisualStudioVersion = 17.3.32929.385
MinimumVisualStudioVersion = 10.0.40219.1
Project("{FAE04EC0-301F-11D3-BF4B-00C04F79EFBC}") = "Project6_EFWMB", "Project6_EFWMB\Project6_EFWMB.csproj", "{867FE588-918E-4FFF-9D47-2954F071BBEB}"
EndProject
Global
	GlobalSection(SolutionConfigurationPlatforms) = preSolution
		Debug|Any CPU = Debug|Any CPU
		Release|Any CPU = Release|Any CPU
	EndGlobalSection
	GlobalSection(ProjectConfigurationPlatforms) = postSolution
		{867FE588-918E-4FFF-9D47-2954F071BBEB}.Debug|Any CPU.ActiveCfg = Debug|Any CPU
		{867FE588-918E-4FFF-9D47-2954F071BBEB}.Debug|Any CPU.Build.0 = Debug|Any CPU
		{867FE588-918E-4FFF-9D47-2954F071BBEB}.Release|Any CPU.ActiveCfg = Release|Any CPU
		{867FE588-918E-4FFF-9D47-2954F071BBEB}.Release|Any CPU.Build.0 = Release|Any CPU
	EndGlobalSection
	GlobalSection(SolutionProperties) = preSolution
		HideSolutionNode = FALSE
	EndGlobalSection
	GlobalSection(ExtensibilityGlobals) = postSolution
		SolutionGuid = {67F69A0A-A681-4E06-B1EE-6F7AADBF6E79}
	EndGlobalSection
EndGlobal
