
Microsoft Visual Studio Solution File, Format Version 12.00
# Visual Studio Version 17
VisualStudioVersion = 17.3.32929.385
MinimumVisualStudioVersion = 10.0.40219.1
Project("{FAE04EC0-301F-11D3-BF4B-00C04F79EFBC}") = "Project1_Calculator", "Project1_Calculator\Project1_Calculator.csproj", "{29501678-6957-46C7-BAC1-05B05A3F13F9}"
EndProject
Global
	GlobalSection(SolutionConfigurationPlatforms) = preSolution
		Debug|Any CPU = Debug|Any CPU
		Release|Any CPU = Release|Any CPU
	EndGlobalSection
	GlobalSection(ProjectConfigurationPlatforms) = postSolution
		{29501678-6957-46C7-BAC1-05B05A3F13F9}.Debug|Any CPU.ActiveCfg = Debug|Any CPU
		{29501678-6957-46C7-BAC1-05B05A3F13F9}.Debug|Any CPU.Build.0 = Debug|Any CPU
		{29501678-6957-46C7-BAC1-05B05A3F13F9}.Release|Any CPU.ActiveCfg = Release|Any CPU
		{29501678-6957-46C7-BAC1-05B05A3F13F9}.Release|Any CPU.Build.0 = Release|Any CPU
	EndGlobalSection
	GlobalSection(SolutionProperties) = preSolution
		HideSolutionNode = FALSE
	EndGlobalSection
	GlobalSection(ExtensibilityGlobals) = postSolution
		SolutionGuid = {C85534D4-1F2D-474F-BEEF-6C10148EE354}
	EndGlobalSection
EndGlobal
